
Microsoft Visual Studio Solution File, Format Version 12.00
# Visual Studio Version 17
VisualStudioVersion = 17.9.34607.119
MinimumVisualStudioVersion = 10.0.40219.1
Project("{FAE04EC0-301F-11D3-BF4B-00C04F79EFBC}") = "CQRSandMediatRDemo", "CQRSandMediatRDemo\CQRSandMediatRDemo.csproj", "{0DEBBD08-DE80-469B-B645-4711B53D574F}"
EndProject
Global
	GlobalSection(SolutionConfigurationPlatforms) = preSolution
		Debug|Any CPU = Debug|Any CPU
		Release|Any CPU = Release|Any CPU
	EndGlobalSection
	GlobalSection(ProjectConfigurationPlatforms) = postSolution
		{0DEBBD08-DE80-469B-B645-4711B53D574F}.Debug|Any CPU.ActiveCfg = Debug|Any CPU
		{0DEBBD08-DE80-469B-B645-4711B53D574F}.Debug|Any CPU.Build.0 = Debug|Any CPU
		{0DEBBD08-DE80-469B-B645-4711B53D574F}.Release|Any CPU.ActiveCfg = Release|Any CPU
		{0DEBBD08-DE80-469B-B645-4711B53D574F}.Release|Any CPU.Build.0 = Release|Any CPU
	EndGlobalSection
	GlobalSection(SolutionProperties) = preSolution
		HideSolutionNode = FALSE
	EndGlobalSection
	GlobalSection(ExtensibilityGlobals) = postSolution
		SolutionGuid = {A6D94782-1698-4C00-ACB1-02DA6C390B28}
	EndGlobalSection
EndGlobal
